<?xml version="1.0" encoding="utf-8"?>
<Project ToolsVersion="4.0" xmlns="http://schemas.microsoft.com/developer/msbuild/2003">
  <ItemGroup>
    <Filter Include="Source Files">
      <UniqueIdentifier>{4FC737F1-C7A5-4376-A066-2A32D752A2FF}</UniqueIdentifier>
      <Extensions>cpp;c;cc;cxx;def;odl;idl;hpj;bat;asm;asmx</Extensions>
    </Filter>
    <Filter Include="Header Files">
      <UniqueIdentifier>{93995380-89BD-4b04-88EB-625FBE52EBFB}</UniqueIdentifier>
      <Extensions>h;hh;hpp;hxx;hm;inl;inc;xsd</Extensions>
    </Filter>
    <Filter Include="Test Files">
      <UniqueIdentifier>{67DA6AB6-F800-4c08-8B7A-83BB121AAD01}</UniqueIdentifier>
      <Extensions>rc;ico;cur;bmp;dlg;rc2;rct;bin;rgs;gif;jpg;jpeg;jpe;resx;tiff;tif;png;wav;mfcribbon-ms</Extensions>
    </Filter>
    <Filter Include="Protobuf Files">
      <UniqueIdentifier>{f5a57740-29d2-4481-89ca-c6a818544e7e}</UniqueIdentifier>
    </Filter>
  </ItemGroup>
  <ItemGroup>
    <ClCompile Include="LighthouseMain.cpp">
      <Filter>Source Files</Filter>
    </ClCompile>
    <ClCompile Include="LighthouseInterface.cpp">
      <Filter>Source Files</Filter>
    </ClCompile>
    <ClCompile Include="TestMain.cpp">
      <Filter>Test Files</Filter>
    </ClCompile>
    <ClCompile Include="Test.cpp">
      <Filter>Test Files</Filter>
    </ClCompile>
    <ClCompile Include="ProtobufFiles\LighthouseCodeElement.pb.cc">
      <Filter>Protobuf Files</Filter>
    </ClCompile>
    <ClCompile Include="ProtobufFiles\LighthouseState.pb.cc">
      <Filter>Protobuf Files</Filter>
    </ClCompile>
  </ItemGroup>
  <ItemGroup>
    <ClInclude Include="LighthouseTree.h">
      <Filter>Header Files</Filter>
    </ClInclude>
    <ClInclude Include="LighthouseInterface.h">
      <Filter>Header Files</Filter>
    </ClInclude>
    <ClInclude Include="LighthouseMain.h">
      <Filter>Header Files</Filter>
    </ClInclude>
    <ClInclude Include="TestHeader.h">
      <Filter>Test Files</Filter>
    </ClInclude>
    <ClInclude Include="ProtobufFiles\LighthouseState.pb.h">
      <Filter>Protobuf Files</Filter>
    </ClInclude>
    <ClInclude Include="ProtobufFiles\LighthouseCodeElement.pb.h">
      <Filter>Protobuf Files</Filter>
    </ClInclude>
  </ItemGroup>
  <ItemGroup>
    <None Include="LighthouseCodeElement.proto">
      <Filter>Protobuf Files</Filter>
    </None>
    <None Include="LighthouseState.proto">
      <Filter>Protobuf Files</Filter>
    </None>
  </ItemGroup>
</Project>